
Microsoft Visual Studio Solution File, Format Version 12.00
# Visual Studio Version 17
VisualStudioVersion = 17.1.32328.378
MinimumVisualStudioVersion = 10.0.40219.1
Project("{9A19103F-16F7-4668-BE54-9A1E7A4F7556}") = "Exercicio1", "OperadoresComparativos\Exercicio1.csproj", "{60961977-CF5C-401E-8037-753B83620C3B}"
EndProject
Project("{9A19103F-16F7-4668-BE54-9A1E7A4F7556}") = "Exercicio2", "Exercicio2\Exercicio2.csproj", "{835F0CA3-C761-4C24-B6A5-75A855462B6D}"
EndProject
Project("{FAE04EC0-301F-11D3-BF4B-00C04F79EFBC}") = "Exercicio3", "Exercicio3\Exercicio3.csproj", "{CE258F2C-BC15-4A5E-B437-98DD642ED5DC}"
EndProject
Global
	GlobalSection(SolutionConfigurationPlatforms) = preSolution
		Debug|Any CPU = Debug|Any CPU
		Release|Any CPU = Release|Any CPU
	EndGlobalSection
	GlobalSection(ProjectConfigurationPlatforms) = postSolution
		{60961977-CF5C-401E-8037-753B83620C3B}.Debug|Any CPU.ActiveCfg = Debug|Any CPU
		{60961977-CF5C-401E-8037-753B83620C3B}.Debug|Any CPU.Build.0 = Debug|Any CPU
		{60961977-CF5C-401E-8037-753B83620C3B}.Release|Any CPU.ActiveCfg = Release|Any CPU
		{60961977-CF5C-401E-8037-753B83620C3B}.Release|Any CPU.Build.0 = Release|Any CPU
		{835F0CA3-C761-4C24-B6A5-75A855462B6D}.Debug|Any CPU.ActiveCfg = Debug|Any CPU
		{835F0CA3-C761-4C24-B6A5-75A855462B6D}.Debug|Any CPU.Build.0 = Debug|Any CPU
		{835F0CA3-C761-4C24-B6A5-75A855462B6D}.Release|Any CPU.ActiveCfg = Release|Any CPU
		{835F0CA3-C761-4C24-B6A5-75A855462B6D}.Release|Any CPU.Build.0 = Release|Any CPU
		{CE258F2C-BC15-4A5E-B437-98DD642ED5DC}.Debug|Any CPU.ActiveCfg = Debug|Any CPU
		{CE258F2C-BC15-4A5E-B437-98DD642ED5DC}.Debug|Any CPU.Build.0 = Debug|Any CPU
		{CE258F2C-BC15-4A5E-B437-98DD642ED5DC}.Release|Any CPU.ActiveCfg = Release|Any CPU
		{CE258F2C-BC15-4A5E-B437-98DD642ED5DC}.Release|Any CPU.Build.0 = Release|Any CPU
	EndGlobalSection
	GlobalSection(SolutionProperties) = preSolution
		HideSolutionNode = FALSE
	EndGlobalSection
	GlobalSection(ExtensibilityGlobals) = postSolution
		SolutionGuid = {249D699A-BD4A-4239-B7C0-DC1700ADDB02}
	EndGlobalSection
EndGlobal
