
Microsoft Visual Studio Solution File, Format Version 12.00
# Visual Studio Version 17
VisualStudioVersion = 17.1.32328.378
MinimumVisualStudioVersion = 10.0.40219.1
Project("{FAE04EC0-301F-11D3-BF4B-00C04F79EFBC}") = "Delta e Bhaskara", "Delta e Bhaskara\Delta e Bhaskara.csproj", "{7781C025-6CDD-4371-996A-3778F66D7A0E}"
EndProject
Global
	GlobalSection(SolutionConfigurationPlatforms) = preSolution
		Debug|Any CPU = Debug|Any CPU
		Release|Any CPU = Release|Any CPU
	EndGlobalSection
	GlobalSection(ProjectConfigurationPlatforms) = postSolution
		{7781C025-6CDD-4371-996A-3778F66D7A0E}.Debug|Any CPU.ActiveCfg = Debug|Any CPU
		{7781C025-6CDD-4371-996A-3778F66D7A0E}.Debug|Any CPU.Build.0 = Debug|Any CPU
		{7781C025-6CDD-4371-996A-3778F66D7A0E}.Release|Any CPU.ActiveCfg = Release|Any CPU
		{7781C025-6CDD-4371-996A-3778F66D7A0E}.Release|Any CPU.Build.0 = Release|Any CPU
	EndGlobalSection
	GlobalSection(SolutionProperties) = preSolution
		HideSolutionNode = FALSE
	EndGlobalSection
	GlobalSection(ExtensibilityGlobals) = postSolution
		SolutionGuid = {F3EDAF6C-3D5B-4DB0-9522-A5849A911BFB}
	EndGlobalSection
EndGlobal
