
Microsoft Visual Studio Solution File, Format Version 12.00
# Visual Studio Version 17
VisualStudioVersion = 17.1.32328.378
MinimumVisualStudioVersion = 10.0.40219.1
Project("{9A19103F-16F7-4668-BE54-9A1E7A4F7556}") = "Enum", "Enum\Enum.csproj", "{AFC17C18-EC58-4703-A694-B9BC717B38A6}"
EndProject
Project("{FAE04EC0-301F-11D3-BF4B-00C04F79EFBC}") = "Exercise", "Exercise\Exercise.csproj", "{5D56FF5C-2CC0-4698-92A2-1834DB8610BB}"
EndProject
Global
	GlobalSection(SolutionConfigurationPlatforms) = preSolution
		Debug|Any CPU = Debug|Any CPU
		Release|Any CPU = Release|Any CPU
	EndGlobalSection
	GlobalSection(ProjectConfigurationPlatforms) = postSolution
		{AFC17C18-EC58-4703-A694-B9BC717B38A6}.Debug|Any CPU.ActiveCfg = Debug|Any CPU
		{AFC17C18-EC58-4703-A694-B9BC717B38A6}.Debug|Any CPU.Build.0 = Debug|Any CPU
		{AFC17C18-EC58-4703-A694-B9BC717B38A6}.Release|Any CPU.ActiveCfg = Release|Any CPU
		{AFC17C18-EC58-4703-A694-B9BC717B38A6}.Release|Any CPU.Build.0 = Release|Any CPU
		{5D56FF5C-2CC0-4698-92A2-1834DB8610BB}.Debug|Any CPU.ActiveCfg = Debug|Any CPU
		{5D56FF5C-2CC0-4698-92A2-1834DB8610BB}.Debug|Any CPU.Build.0 = Debug|Any CPU
		{5D56FF5C-2CC0-4698-92A2-1834DB8610BB}.Release|Any CPU.ActiveCfg = Release|Any CPU
		{5D56FF5C-2CC0-4698-92A2-1834DB8610BB}.Release|Any CPU.Build.0 = Release|Any CPU
	EndGlobalSection
	GlobalSection(SolutionProperties) = preSolution
		HideSolutionNode = FALSE
	EndGlobalSection
	GlobalSection(ExtensibilityGlobals) = postSolution
		SolutionGuid = {F5A9381D-EB8C-4333-9919-36C1F394A1A8}
	EndGlobalSection
EndGlobal
