
Microsoft Visual Studio Solution File, Format Version 12.00
# Visual Studio Version 17
VisualStudioVersion = 17.1.32228.430
MinimumVisualStudioVersion = 10.0.40219.1
Project("{9A19103F-16F7-4668-BE54-9A1E7A4F7556}") = "Listas", "Listas\Listas.csproj", "{5D442516-A07D-407D-BFA9-859B06371082}"
EndProject
Project("{FAE04EC0-301F-11D3-BF4B-00C04F79EFBC}") = "ExercicioFixacao", "ExercicioFixacao\ExercicioFixacao.csproj", "{55350AAC-8996-43BB-9499-82F8E729BE81}"
EndProject
Global
	GlobalSection(SolutionConfigurationPlatforms) = preSolution
		Debug|Any CPU = Debug|Any CPU
		Release|Any CPU = Release|Any CPU
	EndGlobalSection
	GlobalSection(ProjectConfigurationPlatforms) = postSolution
		{5D442516-A07D-407D-BFA9-859B06371082}.Debug|Any CPU.ActiveCfg = Debug|Any CPU
		{5D442516-A07D-407D-BFA9-859B06371082}.Debug|Any CPU.Build.0 = Debug|Any CPU
		{5D442516-A07D-407D-BFA9-859B06371082}.Release|Any CPU.ActiveCfg = Release|Any CPU
		{5D442516-A07D-407D-BFA9-859B06371082}.Release|Any CPU.Build.0 = Release|Any CPU
		{55350AAC-8996-43BB-9499-82F8E729BE81}.Debug|Any CPU.ActiveCfg = Debug|Any CPU
		{55350AAC-8996-43BB-9499-82F8E729BE81}.Debug|Any CPU.Build.0 = Debug|Any CPU
		{55350AAC-8996-43BB-9499-82F8E729BE81}.Release|Any CPU.ActiveCfg = Release|Any CPU
		{55350AAC-8996-43BB-9499-82F8E729BE81}.Release|Any CPU.Build.0 = Release|Any CPU
	EndGlobalSection
	GlobalSection(SolutionProperties) = preSolution
		HideSolutionNode = FALSE
	EndGlobalSection
	GlobalSection(ExtensibilityGlobals) = postSolution
		SolutionGuid = {C80CB447-256E-44C4-8963-85F8F8941022}
	EndGlobalSection
EndGlobal
