
Microsoft Visual Studio Solution File, Format Version 12.00
# Visual Studio Version 17
VisualStudioVersion = 17.1.32328.378
MinimumVisualStudioVersion = 10.0.40219.1
Project("{9A19103F-16F7-4668-BE54-9A1E7A4F7556}") = "Matrizes", "Matrizes\Matrizes.csproj", "{CD6EE755-6EC9-41A2-BE67-F291E002B00B}"
EndProject
Project("{FAE04EC0-301F-11D3-BF4B-00C04F79EFBC}") = "Matrix_Fixacao", "Matrix_Fixacao\Matrix_Fixacao.csproj", "{FB30EEA7-6A84-46ED-B074-9932A232F7A2}"
EndProject
Project("{FAE04EC0-301F-11D3-BF4B-00C04F79EFBC}") = "Matrizes_Fixacao", "Matrizes_Fixacao\Matrizes_Fixacao.csproj", "{1A257BBE-FD7A-4E46-9401-669DA4A3670C}"
EndProject
Global
	GlobalSection(SolutionConfigurationPlatforms) = preSolution
		Debug|Any CPU = Debug|Any CPU
		Release|Any CPU = Release|Any CPU
	EndGlobalSection
	GlobalSection(ProjectConfigurationPlatforms) = postSolution
		{CD6EE755-6EC9-41A2-BE67-F291E002B00B}.Debug|Any CPU.ActiveCfg = Debug|Any CPU
		{CD6EE755-6EC9-41A2-BE67-F291E002B00B}.Debug|Any CPU.Build.0 = Debug|Any CPU
		{CD6EE755-6EC9-41A2-BE67-F291E002B00B}.Release|Any CPU.ActiveCfg = Release|Any CPU
		{CD6EE755-6EC9-41A2-BE67-F291E002B00B}.Release|Any CPU.Build.0 = Release|Any CPU
		{1A257BBE-FD7A-4E46-9401-669DA4A3670C}.Debug|Any CPU.ActiveCfg = Debug|Any CPU
		{1A257BBE-FD7A-4E46-9401-669DA4A3670C}.Debug|Any CPU.Build.0 = Debug|Any CPU
		{1A257BBE-FD7A-4E46-9401-669DA4A3670C}.Release|Any CPU.ActiveCfg = Release|Any CPU
		{1A257BBE-FD7A-4E46-9401-669DA4A3670C}.Release|Any CPU.Build.0 = Release|Any CPU
	EndGlobalSection
	GlobalSection(SolutionProperties) = preSolution
		HideSolutionNode = FALSE
	EndGlobalSection
	GlobalSection(ExtensibilityGlobals) = postSolution
		SolutionGuid = {75388E15-36DD-41D3-8EB8-36965ACE3805}
	EndGlobalSection
EndGlobal
